<?xml version="1.0" encoding="utf-8"?>
<Project ToolsVersion="4.0" xmlns="http://schemas.microsoft.com/developer/msbuild/2003">
  <ItemGroup>
    <Filter Include="Form Files">
      <UniqueIdentifier>{99349809-55BA-4b9d-BF79-8FDBB0286EB3}</UniqueIdentifier>
      <Extensions>ui</Extensions>
      <ParseFiles>false</ParseFiles>
    </Filter>
    <Filter Include="Generated Files">
      <UniqueIdentifier>{71ED8ED8-ACB9-4CE9-BBE1-E00B30144E11}</UniqueIdentifier>
      <Extensions>cpp;c;cxx;moc;h;def;odl;idl;res;</Extensions>
    </Filter>
    <Filter Include="Header Files">
      <UniqueIdentifier>{93995380-89BD-4b04-88EB-625FBE52EBFB}</UniqueIdentifier>
      <Extensions>h;hpp;hxx;hm;inl;inc;xsd</Extensions>
    </Filter>
    <Filter Include="Source Files">
      <UniqueIdentifier>{4FC737F1-C7A5-4376-A066-2A32D752A2FF}</UniqueIdentifier>
      <Extensions>cpp;c;cxx;def;odl;idl;hpj;bat;asm;asmx</Extensions>
    </Filter>
    <Filter Include="Generated Files\Debug">
      <UniqueIdentifier>{aa106019-fafd-44ee-8d80-df4cf4511e85}</UniqueIdentifier>
      <Extensions>cpp;moc</Extensions>
      <SourceControlFiles>False</SourceControlFiles>
    </Filter>
    <Filter Include="Generated Files\Release">
      <UniqueIdentifier>{7ea2596b-eafe-4512-a80c-ef75c00a9194}</UniqueIdentifier>
      <Extensions>cpp;moc</Extensions>
      <SourceControlFiles>False</SourceControlFiles>
    </Filter>
    <Filter Include="Source Files\Classes">
      <UniqueIdentifier>{3c20cc46-b2a2-4434-a700-acdf47e70e10}</UniqueIdentifier>
    </Filter>
    <Filter Include="Source Files\Item">
      <UniqueIdentifier>{eca3b72d-bd61-49cb-aaa1-e76e80df5b46}</UniqueIdentifier>
    </Filter>
    <Filter Include="Source Files\MapObject">
      <UniqueIdentifier>{f2b59984-9767-4063-8f78-5a7272bb0e37}</UniqueIdentifier>
    </Filter>
    <Filter Include="Source Files\Property">
      <UniqueIdentifier>{41eaaac6-a102-4bde-bd32-45aa33387c54}</UniqueIdentifier>
    </Filter>
    <Filter Include="Header Files\Classes">
      <UniqueIdentifier>{acbc12c7-d5a8-4da8-bbf7-f90683a17802}</UniqueIdentifier>
    </Filter>
    <Filter Include="Header Files\Item">
      <UniqueIdentifier>{efe4d619-cecb-407a-b416-fef9ebed6b27}</UniqueIdentifier>
    </Filter>
    <Filter Include="Header Files\MapObject">
      <UniqueIdentifier>{6e8845b9-89c5-4cbc-8d22-30644861565f}</UniqueIdentifier>
    </Filter>
    <Filter Include="Header Files\Property">
      <UniqueIdentifier>{84c377a5-9ec0-4711-96e5-9006fd7af6a0}</UniqueIdentifier>
    </Filter>
    <Filter Include="Header Files\GUI">
      <UniqueIdentifier>{f0c7b85a-cd75-4c18-83e5-6189dfc6b9fa}</UniqueIdentifier>
    </Filter>
    <Filter Include="Source Files\GUI">
      <UniqueIdentifier>{846bfe0c-706d-4ac4-af5b-8f09446fff11}</UniqueIdentifier>
    </Filter>
  </ItemGroup>
  <ItemGroup>
    <ClCompile Include="GeneratedFiles\Debug\moc_mainwindow.cpp">
      <Filter>Generated Files\Debug</Filter>
    </ClCompile>
    <ClCompile Include="GeneratedFiles\Release\moc_mainwindow.cpp">
      <Filter>Generated Files\Release</Filter>
    </ClCompile>
    <ClCompile Include="main.cpp">
      <Filter>Source Files</Filter>
    </ClCompile>
    <ClCompile Include="Map.cpp">
      <Filter>Source Files</Filter>
    </ClCompile>
    <ClCompile Include="Hero.cpp">
      <Filter>Source Files\MapObject</Filter>
    </ClCompile>
    <ClCompile Include="MapTile.cpp">
      <Filter>Source Files\MapObject</Filter>
    </ClCompile>
    <ClCompile Include="Monster.cpp">
      <Filter>Source Files\MapObject</Filter>
    </ClCompile>
    <ClCompile Include="Unit.cpp">
      <Filter>Source Files\MapObject</Filter>
    </ClCompile>
    <ClCompile Include="Prop.cpp">
      <Filter>Source Files\MapObject</Filter>
    </ClCompile>
    <ClCompile Include="Ability.cpp">
      <Filter>Source Files\Property</Filter>
    </ClCompile>
    <ClCompile Include="Dice.cpp">
      <Filter>Source Files\Property</Filter>
    </ClCompile>
    <ClCompile Include="GraphicView.cpp">
      <Filter>Source Files\Property</Filter>
    </ClCompile>
    <ClCompile Include="Skill.cpp">
      <Filter>Source Files\Property</Filter>
    </ClCompile>
    <ClCompile Include="Skills.cpp">
      <Filter>Source Files\Property</Filter>
    </ClCompile>
    <ClCompile Include="StatBonus.cpp">
      <Filter>Source Files\Property</Filter>
    </ClCompile>
    <ClCompile Include="mainwindow.cpp">
      <Filter>Source Files\GUI</Filter>
    </ClCompile>
  </ItemGroup>
  <ItemGroup>
    <CustomBuild Include="mainwindow.ui">
      <Filter>Form Files</Filter>
    </CustomBuild>
    <CustomBuild Include="mainwindow.h">
      <Filter>Header Files\GUI</Filter>
    </CustomBuild>
  </ItemGroup>
  <ItemGroup>
    <ClInclude Include="GeneratedFiles\ui_mainwindow.h">
      <Filter>Generated Files</Filter>
    </ClInclude>
    <ClInclude Include="Enchantment.h">
      <Filter>Header Files\Item</Filter>
    </ClInclude>
    <ClInclude Include="Map.h">
      <Filter>Header Files</Filter>
    </ClInclude>
    <ClInclude Include="Ability.h">
      <Filter>Header Files\Property</Filter>
    </ClInclude>
    <ClInclude Include="Area.h">
      <Filter>Header Files\Property</Filter>
    </ClInclude>
    <ClInclude Include="Class.h">
      <Filter>Header Files\Classes</Filter>
    </ClInclude>
    <ClInclude Include="SpellcasterClass.h">
      <Filter>Header Files\Classes</Filter>
    </ClInclude>
    <ClInclude Include="SpontaneousCaster.h">
      <Filter>Header Files\Classes</Filter>
    </ClInclude>
    <ClInclude Include="Feat.h">
      <Filter>Header Files\Item</Filter>
    </ClInclude>
    <ClInclude Include="MaterialComponent.h">
      <Filter>Header Files\Item</Filter>
    </ClInclude>
    <ClInclude Include="Weapon.h">
      <Filter>Header Files\Item</Filter>
    </ClInclude>
    <ClInclude Include="Wearable.h">
      <Filter>Header Files\Item</Filter>
    </ClInclude>
    <ClInclude Include="Furniture.h">
      <Filter>Header Files\MapObject</Filter>
    </ClInclude>
    <ClInclude Include="Hero.h">
      <Filter>Header Files\MapObject</Filter>
    </ClInclude>
    <ClInclude Include="MapTile.h">
      <Filter>Header Files\MapObject</Filter>
    </ClInclude>
    <ClInclude Include="Monster.h">
      <Filter>Header Files\MapObject</Filter>
    </ClInclude>
    <ClInclude Include="Prop.h">
      <Filter>Header Files\MapObject</Filter>
    </ClInclude>
    <ClInclude Include="Unit.h">
      <Filter>Header Files\MapObject</Filter>
    </ClInclude>
    <ClInclude Include="StatBonus.h">
      <Filter>Header Files\Property</Filter>
    </ClInclude>
    <ClInclude Include="Dice.h">
      <Filter>Header Files\Property</Filter>
    </ClInclude>
    <ClInclude Include="Equipment.h">
      <Filter>Header Files\Property</Filter>
    </ClInclude>
    <ClInclude Include="GraphicView.h">
      <Filter>Header Files\Property</Filter>
    </ClInclude>
    <ClInclude Include="Sizes.h">
      <Filter>Header Files\Property</Filter>
    </ClInclude>
    <ClInclude Include="Skill.h">
      <Filter>Header Files\Property</Filter>
    </ClInclude>
    <ClInclude Include="Skills.h">
      <Filter>Header Files\Property</Filter>
    </ClInclude>
    <ClInclude Include="Spell.h">
      <Filter>Header Files\Property</Filter>
    </ClInclude>
    <ClInclude Include="Spellbook.h">
      <Filter>Header Files\Property</Filter>
    </ClInclude>
  </ItemGroup>
</Project>